
Microsoft Visual Studio Solution File, Format Version 12.00
# Visual Studio Version 16
VisualStudioVersion = 16.0.29409.12
MinimumVisualStudioVersion = 10.0.40219.1
Project("{9A19103F-16F7-4668-BE54-9A1E7A4F7556}") = "UtilityMath", "UtilityMath\UtilityMath.csproj", "{9ECB7F2E-CD1B-40F4-AB93-75E0AAEF9B27}"
EndProject
Project("{9A19103F-16F7-4668-BE54-9A1E7A4F7556}") = "UtilityMath.Test", "UtilityMath.Test\UtilityMath.Test.csproj", "{1E71A9D3-ED1C-4AD1-B4D2-095EA0210D9C}"
EndProject
Project("{FAE04EC0-301F-11D3-BF4B-00C04F79EFBC}") = "UtilityMath.WpfApp", "UtilityMath.DemoApp\UtilityMath.WpfApp.csproj", "{8C02D8BB-F077-4076-807E-374BBB7BC632}"
EndProject
Project("{9A19103F-16F7-4668-BE54-9A1E7A4F7556}") = "GaussianWpf.Demo", "GaussianWpf.Demo\GaussianWpf.Demo.csproj", "{CC080A3D-1229-46DC-A960-72786544A95C}"
EndProject
Project("{2150E333-8FDC-42A3-9474-1A3956D46DE8}") = "App", "App", "{E708A206-2490-46BD-930A-24B7B644E288}"
EndProject
Project("{9A19103F-16F7-4668-BE54-9A1E7A4F7556}") = "GaussianWpf", "GaussianWpf\GaussianWpf.csproj", "{195A6ABF-C689-4FFE-9582-396D1898DC19}"
EndProject
Project("{9A19103F-16F7-4668-BE54-9A1E7A4F7556}") = "UtilityMath.WpfAppCore", "UtilityMath.WpfAppCore\UtilityMath.WpfAppCore.csproj", "{CE04F7DD-AD46-45A7-B2C8-082DF8605220}"
EndProject
Project("{9A19103F-16F7-4668-BE54-9A1E7A4F7556}") = "UtilityMath.ViewCore", "UtilityMath.ViewCore\UtilityMath.ViewCore.csproj", "{F0829576-6A66-4BFB-B891-CD9F4F32159A}"
EndProject
Project("{FAE04EC0-301F-11D3-BF4B-00C04F79EFBC}") = "GaussianIntegers", "GaussianIntegers\GaussianIntegers.csproj", "{8FD9A967-F628-4419-B6B0-3BEA3E279BC9}"
EndProject
Project("{2150E333-8FDC-42A3-9474-1A3956D46DE8}") = "Deprecated", "Deprecated", "{773F0D94-F918-4F22-8C55-47E11DAF1EEB}"
EndProject
Global
	GlobalSection(SolutionConfigurationPlatforms) = preSolution
		Debug|Any CPU = Debug|Any CPU
		Debug|x64 = Debug|x64
		Release|Any CPU = Release|Any CPU
		Release|x64 = Release|x64
	EndGlobalSection
	GlobalSection(ProjectConfigurationPlatforms) = postSolution
		{9ECB7F2E-CD1B-40F4-AB93-75E0AAEF9B27}.Debug|Any CPU.ActiveCfg = Debug|Any CPU
		{9ECB7F2E-CD1B-40F4-AB93-75E0AAEF9B27}.Debug|Any CPU.Build.0 = Debug|Any CPU
		{9ECB7F2E-CD1B-40F4-AB93-75E0AAEF9B27}.Debug|x64.ActiveCfg = Debug|Any CPU
		{9ECB7F2E-CD1B-40F4-AB93-75E0AAEF9B27}.Debug|x64.Build.0 = Debug|Any CPU
		{9ECB7F2E-CD1B-40F4-AB93-75E0AAEF9B27}.Release|Any CPU.ActiveCfg = Release|Any CPU
		{9ECB7F2E-CD1B-40F4-AB93-75E0AAEF9B27}.Release|Any CPU.Build.0 = Release|Any CPU
		{9ECB7F2E-CD1B-40F4-AB93-75E0AAEF9B27}.Release|x64.ActiveCfg = Release|Any CPU
		{9ECB7F2E-CD1B-40F4-AB93-75E0AAEF9B27}.Release|x64.Build.0 = Release|Any CPU
		{1E71A9D3-ED1C-4AD1-B4D2-095EA0210D9C}.Debug|Any CPU.ActiveCfg = Debug|Any CPU
		{1E71A9D3-ED1C-4AD1-B4D2-095EA0210D9C}.Debug|Any CPU.Build.0 = Debug|Any CPU
		{1E71A9D3-ED1C-4AD1-B4D2-095EA0210D9C}.Debug|x64.ActiveCfg = Debug|Any CPU
		{1E71A9D3-ED1C-4AD1-B4D2-095EA0210D9C}.Debug|x64.Build.0 = Debug|Any CPU
		{1E71A9D3-ED1C-4AD1-B4D2-095EA0210D9C}.Release|Any CPU.ActiveCfg = Release|Any CPU
		{1E71A9D3-ED1C-4AD1-B4D2-095EA0210D9C}.Release|Any CPU.Build.0 = Release|Any CPU
		{1E71A9D3-ED1C-4AD1-B4D2-095EA0210D9C}.Release|x64.ActiveCfg = Release|Any CPU
		{1E71A9D3-ED1C-4AD1-B4D2-095EA0210D9C}.Release|x64.Build.0 = Release|Any CPU
		{8C02D8BB-F077-4076-807E-374BBB7BC632}.Debug|Any CPU.ActiveCfg = Debug|Any CPU
		{8C02D8BB-F077-4076-807E-374BBB7BC632}.Debug|Any CPU.Build.0 = Debug|Any CPU
		{8C02D8BB-F077-4076-807E-374BBB7BC632}.Debug|x64.ActiveCfg = Debug|Any CPU
		{8C02D8BB-F077-4076-807E-374BBB7BC632}.Debug|x64.Build.0 = Debug|Any CPU
		{8C02D8BB-F077-4076-807E-374BBB7BC632}.Release|Any CPU.ActiveCfg = Release|Any CPU
		{8C02D8BB-F077-4076-807E-374BBB7BC632}.Release|Any CPU.Build.0 = Release|Any CPU
		{8C02D8BB-F077-4076-807E-374BBB7BC632}.Release|x64.ActiveCfg = Release|Any CPU
		{8C02D8BB-F077-4076-807E-374BBB7BC632}.Release|x64.Build.0 = Release|Any CPU
		{CC080A3D-1229-46DC-A960-72786544A95C}.Debug|Any CPU.ActiveCfg = Debug|Any CPU
		{CC080A3D-1229-46DC-A960-72786544A95C}.Debug|Any CPU.Build.0 = Debug|Any CPU
		{CC080A3D-1229-46DC-A960-72786544A95C}.Debug|x64.ActiveCfg = Debug|Any CPU
		{CC080A3D-1229-46DC-A960-72786544A95C}.Debug|x64.Build.0 = Debug|Any CPU
		{CC080A3D-1229-46DC-A960-72786544A95C}.Release|Any CPU.ActiveCfg = Release|Any CPU
		{CC080A3D-1229-46DC-A960-72786544A95C}.Release|Any CPU.Build.0 = Release|Any CPU
		{CC080A3D-1229-46DC-A960-72786544A95C}.Release|x64.ActiveCfg = Release|Any CPU
		{CC080A3D-1229-46DC-A960-72786544A95C}.Release|x64.Build.0 = Release|Any CPU
		{195A6ABF-C689-4FFE-9582-396D1898DC19}.Debug|Any CPU.ActiveCfg = Debug|Any CPU
		{195A6ABF-C689-4FFE-9582-396D1898DC19}.Debug|Any CPU.Build.0 = Debug|Any CPU
		{195A6ABF-C689-4FFE-9582-396D1898DC19}.Debug|x64.ActiveCfg = Debug|Any CPU
		{195A6ABF-C689-4FFE-9582-396D1898DC19}.Debug|x64.Build.0 = Debug|Any CPU
		{195A6ABF-C689-4FFE-9582-396D1898DC19}.Release|Any CPU.ActiveCfg = Release|Any CPU
		{195A6ABF-C689-4FFE-9582-396D1898DC19}.Release|Any CPU.Build.0 = Release|Any CPU
		{195A6ABF-C689-4FFE-9582-396D1898DC19}.Release|x64.ActiveCfg = Release|Any CPU
		{195A6ABF-C689-4FFE-9582-396D1898DC19}.Release|x64.Build.0 = Release|Any CPU
		{CE04F7DD-AD46-45A7-B2C8-082DF8605220}.Debug|Any CPU.ActiveCfg = Debug|Any CPU
		{CE04F7DD-AD46-45A7-B2C8-082DF8605220}.Debug|Any CPU.Build.0 = Debug|Any CPU
		{CE04F7DD-AD46-45A7-B2C8-082DF8605220}.Debug|x64.ActiveCfg = Debug|Any CPU
		{CE04F7DD-AD46-45A7-B2C8-082DF8605220}.Debug|x64.Build.0 = Debug|Any CPU
		{CE04F7DD-AD46-45A7-B2C8-082DF8605220}.Release|Any CPU.ActiveCfg = Release|Any CPU
		{CE04F7DD-AD46-45A7-B2C8-082DF8605220}.Release|Any CPU.Build.0 = Release|Any CPU
		{CE04F7DD-AD46-45A7-B2C8-082DF8605220}.Release|x64.ActiveCfg = Release|Any CPU
		{CE04F7DD-AD46-45A7-B2C8-082DF8605220}.Release|x64.Build.0 = Release|Any CPU
		{F0829576-6A66-4BFB-B891-CD9F4F32159A}.Debug|Any CPU.ActiveCfg = Debug|Any CPU
		{F0829576-6A66-4BFB-B891-CD9F4F32159A}.Debug|Any CPU.Build.0 = Debug|Any CPU
		{F0829576-6A66-4BFB-B891-CD9F4F32159A}.Debug|x64.ActiveCfg = Debug|Any CPU
		{F0829576-6A66-4BFB-B891-CD9F4F32159A}.Debug|x64.Build.0 = Debug|Any CPU
		{F0829576-6A66-4BFB-B891-CD9F4F32159A}.Release|Any CPU.ActiveCfg = Release|Any CPU
		{F0829576-6A66-4BFB-B891-CD9F4F32159A}.Release|Any CPU.Build.0 = Release|Any CPU
		{F0829576-6A66-4BFB-B891-CD9F4F32159A}.Release|x64.ActiveCfg = Release|Any CPU
		{F0829576-6A66-4BFB-B891-CD9F4F32159A}.Release|x64.Build.0 = Release|Any CPU
		{8FD9A967-F628-4419-B6B0-3BEA3E279BC9}.Debug|Any CPU.ActiveCfg = Debug|Any CPU
		{8FD9A967-F628-4419-B6B0-3BEA3E279BC9}.Debug|Any CPU.Build.0 = Debug|Any CPU
		{8FD9A967-F628-4419-B6B0-3BEA3E279BC9}.Debug|x64.ActiveCfg = Debug|x64
		{8FD9A967-F628-4419-B6B0-3BEA3E279BC9}.Debug|x64.Build.0 = Debug|x64
		{8FD9A967-F628-4419-B6B0-3BEA3E279BC9}.Release|Any CPU.ActiveCfg = Release|Any CPU
		{8FD9A967-F628-4419-B6B0-3BEA3E279BC9}.Release|Any CPU.Build.0 = Release|Any CPU
		{8FD9A967-F628-4419-B6B0-3BEA3E279BC9}.Release|x64.ActiveCfg = Release|x64
		{8FD9A967-F628-4419-B6B0-3BEA3E279BC9}.Release|x64.Build.0 = Release|x64
	EndGlobalSection
	GlobalSection(SolutionProperties) = preSolution
		HideSolutionNode = FALSE
	EndGlobalSection
	GlobalSection(NestedProjects) = preSolution
		{8C02D8BB-F077-4076-807E-374BBB7BC632} = {773F0D94-F918-4F22-8C55-47E11DAF1EEB}
		{CC080A3D-1229-46DC-A960-72786544A95C} = {E708A206-2490-46BD-930A-24B7B644E288}
		{CE04F7DD-AD46-45A7-B2C8-082DF8605220} = {E708A206-2490-46BD-930A-24B7B644E288}
		{8FD9A967-F628-4419-B6B0-3BEA3E279BC9} = {E708A206-2490-46BD-930A-24B7B644E288}
		{773F0D94-F918-4F22-8C55-47E11DAF1EEB} = {E708A206-2490-46BD-930A-24B7B644E288}
	EndGlobalSection
	GlobalSection(ExtensibilityGlobals) = postSolution
		SolutionGuid = {3913E3DB-6E08-491C-A7AE-BE75FD4383DD}
	EndGlobalSection
EndGlobal
